{
  "meteor": {},
  "dependencies": {
    "basePackages": {
      "collectionFS": {
        "git": "https://github.com/CollectionFS/Meteor-CollectionFS.git",
        "branch": "devel"
      },
      "cfs-gridfs": {
        "git": "https://github.com/CollectionFS/Meteor-cfs-gridfs.git",
        "branch": "master"
      },
      "cfs-filesystem": {
        "git": "https://github.com/CollectionFS/Meteor-cfs-filesystem.git",
        "branch": "master"
      },
      "cfs-handlebars": {
        "git": "https://github.com/CollectionFS/Meteor-cfs-handlebars.git",
        "branch": "master"
      },
      "cfs-graphicsmagick": {
        "git": "https://github.com/CollectionFS/Meteor-cfs-graphicsmagick.git",
        "branch": "master"
      }
    },
    "packages": {
      "collectionFS": {
        "git": "https://github.com/CollectionFS/Meteor-CollectionFS.git",
        "branch": "devel",
        "commit": "206195cc3af82c9c2242064e7ff575ba68d90697"
      },
      "cfs-gridfs": {
        "git": "https://github.com/CollectionFS/Meteor-cfs-gridfs.git",
        "branch": "master",
        "commit": "36cfdef2ff3dc437da559545e9da09ecf6a36e82"
      },
      "cfs-filesystem": {
        "git": "https://github.com/CollectionFS/Meteor-cfs-filesystem.git",
        "branch": "master",
        "commit": "27964961f0e6865b27879129f02c632da7b78418"
      },
      "cfs-handlebars": {
        "git": "https://github.com/CollectionFS/Meteor-cfs-handlebars.git",
        "branch": "master",
        "commit": "163d0e8dba59c7b5db50d978e9a0e8b94f425584"
      },
      "cfs-graphicsmagick": {
        "git": "https://github.com/CollectionFS/Meteor-cfs-graphicsmagick.git",
        "branch": "master",
        "commit": "b179889c168f7090cc76e36f958b87914211a579"
      },
      "cfs-base-package": {
        "git": "https://github.com/CollectionFS/Meteor-cfs-base-package.git",
        "branch": "master",
        "commit": "83f31eb7286292978eb3b572d8f7f51616fdc600"
      },
      "cfs-file": {
        "git": "https://github.com/CollectionFS/Meteor-cfs-file.git",
        "tag": "v0.0.23",
        "commit": "5c224571a6a594afa5e9f758294c2a8e0f719197"
      },
      "cfs-ejson-file": {
        "git": "https://github.com/CollectionFS/Meteor-cfs-ejson-file.git",
        "tag": "v0.0.6",
        "commit": "0e988cc88389a5474c904f5fcc7d11da34880353"
      },
      "cfs-collection": {
        "git": "https://github.com/CollectionFS/Meteor-cfs-collection.git",
        "tag": "v0.4.5",
        "commit": "721a892450f336a9842201b789fd3567ed439ae9"
      },
      "cfs-access-point": {
        "git": "https://github.com/CollectionFS/Meteor-cfs-access-point.git",
        "tag": "v0.0.23",
        "commit": "3f50fb8118212b9c80c9964f2b05433857edd92a"
      },
      "cfs-worker": {
        "git": "https://github.com/CollectionFS/Meteor-cfs-worker.git",
        "tag": "v0.0.14",
        "commit": "f7f4796e2eb184fd1ac9c99abe9c3568db9c0c37"
      },
      "cfs-upload-http": {
        "git": "https://github.com/CollectionFS/Meteor-cfs-upload-http.git",
        "tag": "v0.0.9",
        "commit": "97f2cb43b8b02dc62a6e3a428b3eb26c3dd93ada"
      },
      "cfs-storage-adapter": {
        "git": "https://github.com/CollectionFS/Meteor-cfs-storage-adapter.git",
        "tag": "v0.0.20",
        "commit": "dcb07564f9ed761a21ea78e44845f384c4098c0a"
      },
      "cfs-filesaver": {
        "git": "https://github.com/CollectionFS/Meteor-cfs-filesaver.git",
        "tag": "v0.0.3",
        "commit": "29cd7ae4dab138aa5e3792485945e742c46fc330"
      },
      "http-methods": {
        "git": "https://github.com/CollectionFS/Meteor-http-methods.git",
        "tag": "v0.0.22",
        "commit": "5b0f7723f49436b8a0a930f284ed05f0b26021fe"
      },
      "cfs-upload-ddp": {
        "git": "https://github.com/CollectionFS/Meteor-cfs-upload-ddp.git",
        "tag": "v0.0.9",
        "commit": "8306605b51a37123f01f1c9662bddc2f487c3c4d"
      },
      "http-publish": {
        "git": "https://github.com/CollectionFS/Meteor-http-publish.git",
        "tag": "v0.0.10",
        "commit": "f308999d074a3c4c056a88c431be04cead93228b"
      },
      "cfs-tempstore": {
        "git": "https://github.com/CollectionFS/Meteor-cfs-tempstore.git",
        "tag": "v0.0.15",
        "commit": "935821b733bc88431d412705be27f024fd8fb670"
      },
      "power-queue": {
        "git": "https://github.com/CollectionFS/Meteor-power-queue.git",
        "tag": "v0.9.8",
        "commit": "28e12e43df4a16183fc4165bd7ec8901717964c5"
      },
      "reactive-list": {
        "git": "https://github.com/CollectionFS/Meteor-reactive-list.git",
        "tag": "v0.0.6",
        "commit": "85e378691d432e959a69203df0b1ff8b577dc53b"
      },
      "reactive-property": {
        "git": "https://github.com/CollectionFS/Meteor-reactive-property.git",
        "tag": "v0.0.1",
        "commit": "f742b8656bb88fafff2a9c3a32ff1f97b3ebf2f7"
      },
      "micro-queue": {
        "git": "https://github.com/CollectionFS/Meteor-micro-queue.git",
        "tag": "v0.0.2",
        "commit": "d9ccd457508380837304924a3347e02616896a4b"
      }
    }
  }
}
